uuid: 470aa430-ae0e-499d-b6a0-556436b93b7d
langcode: en
status: false
dependencies: {  }
_core:
  default_config_hash: LnwqYHNigFBoobk_QbWntpSed5PgVj_0Ild5zXL2-TQ
id: search_block
label: 'Search Block'
selector: ''
minChar: 3
autoSubmit: true
autoRedirect: true
maxSuggestions: 10
noResultLabel: 'No results found for [search-phrase]. Click to perform full search.'
noResultValue: '[search-phrase]'
noResultLink: ''
moreResultsLabel: 'View all results for [search-phrase].'
moreResultsValue: '[search-phrase]'
moreResultsLink: ''
source: 'autocompletion_callbacks_nodes::nodes_autocompletion_callback'
theme: basic.css
editable: true
deletable: false
